# THIS IS AN AUTOGENERATED FILE. DO NOT EDIT THIS FILE DIRECTLY.
# yarn lockfile v1


"@types/prop-types@*":
  "integrity" "sha512-JCB8C6SnDoQf0cNycqd/35A7MjcnK+ZTqE7judS6o7utxUCg6imJg3QK2qzHKszlTjcj2cn+NwMB2i96ubpj7w=="
  "resolved" "https://registry.npmjs.org/@types/prop-types/-/prop-types-15.7.5.tgz"
  "version" "15.7.5"

"@types/react@^17.0.42":
  "integrity" "sha512-YfhQ22Lah2e3CHPsb93tRwIGNiSwkuz1/blk4e6QrWS0jQzCSNbGLtOEYhPg02W0yGTTmpajp7dCTbBAMN3qsg=="
  "resolved" "https://registry.npmjs.org/@types/react/-/react-17.0.45.tgz"
  "version" "17.0.45"
  dependencies:
    "@types/prop-types" "*"
    "@types/scheduler" "*"
    "csstype" "^3.0.2"

"@types/scheduler@*":
  "integrity" "sha512-hppQEBDmlwhFAXKJX2KnWLYu5yMfi91yazPb2l+lbJiwW+wdo1gNeRA+3RgNSO39WYX2euey41KEwnqesU2Jew=="
  "resolved" "https://registry.npmjs.org/@types/scheduler/-/scheduler-0.16.2.tgz"
  "version" "0.16.2"

"csstype@^3.0.2":
  "integrity" "sha512-uX1KG+x9h5hIJsaKR9xHUeUraxf8IODOwq9JLNPq6BwB04a/xgpq3rcx47l5BZu5zBPlgD342tdke3Hom/nJRA=="
  "resolved" "https://registry.npmjs.org/csstype/-/csstype-3.1.0.tgz"
  "version" "3.1.0"

"dom-chef@^5.1.0":
  "integrity" "sha512-zV1cLrO8sl7X5dWTLp6SQM/DzadfXQEgVf+sfXZqGUd709ezeEfpI8n/IgW2O8kt1sfIgZA+Us0lbKSkP4foqQ=="
  "resolved" "https://registry.npmjs.org/dom-chef/-/dom-chef-5.1.0.tgz"
  "version" "5.1.0"
  dependencies:
    "@types/react" "^17.0.42"
    "svg-tag-names" "^3.0.1"

"esbuild-linux-64@0.14.30":
  "integrity" "sha512-LUnpzoMpRqFON5En4qEj6NWiyH6a1K+Y2qYNKrCy5qPTjDoG/EWeqMz69n8Uv7pRuvDKl3FNGJ1dufTrA5i0sw=="
  "resolved" "https://registry.npmjs.org/esbuild-linux-64/-/esbuild-linux-64-0.14.30.tgz"
  "version" "0.14.30"

"esbuild@^0.14.30":
  "integrity" "sha512-wCecQSBkIjp2xjuXY+wcXS/PpOQo9rFh4NAKPh4Pm9f3fuLcnxkR0rDzA+mYP88FtXIUcXUyYmaIgfrzRl55jA=="
  "resolved" "https://registry.npmjs.org/esbuild/-/esbuild-0.14.30.tgz"
  "version" "0.14.30"
  optionalDependencies:
    "esbuild-android-64" "0.14.30"
    "esbuild-android-arm64" "0.14.30"
    "esbuild-darwin-64" "0.14.30"
    "esbuild-darwin-arm64" "0.14.30"
    "esbuild-freebsd-64" "0.14.30"
    "esbuild-freebsd-arm64" "0.14.30"
    "esbuild-linux-32" "0.14.30"
    "esbuild-linux-64" "0.14.30"
    "esbuild-linux-arm" "0.14.30"
    "esbuild-linux-arm64" "0.14.30"
    "esbuild-linux-mips64le" "0.14.30"
    "esbuild-linux-ppc64le" "0.14.30"
    "esbuild-linux-riscv64" "0.14.30"
    "esbuild-linux-s390x" "0.14.30"
    "esbuild-netbsd-64" "0.14.30"
    "esbuild-openbsd-64" "0.14.30"
    "esbuild-sunos-64" "0.14.30"
    "esbuild-windows-32" "0.14.30"
    "esbuild-windows-64" "0.14.30"
    "esbuild-windows-arm64" "0.14.30"

"preact@^10.7.1":
  "integrity" "sha512-giqJXP8VbtA1tyGa3f1n9wiN7PrHtONrDyE3T+ifjr/tTkg+2N4d/6sjC9WyJKv8wM7rOYDveqy5ZoFmYlwo4w=="
  "resolved" "https://registry.npmjs.org/preact/-/preact-10.7.3.tgz"
  "version" "10.7.3"

"prettier-plugin-organize-imports@^2.3.4":
  "integrity" "sha512-R8o23sf5iVL/U71h9SFUdhdOEPsi3nm42FD/oDYIZ2PQa4TNWWuWecxln6jlIQzpZTDMUeO1NicJP6lLn2TtRw=="
  "resolved" "https://registry.npmjs.org/prettier-plugin-organize-imports/-/prettier-plugin-organize-imports-2.3.4.tgz"
  "version" "2.3.4"

"prettier@^2.6.2", "prettier@>=2.0":
  "integrity" "sha512-PkUpF+qoXTqhOeWL9fu7As8LXsIUZ1WYaJiY/a7McAQzxjk82OF0tibkFXVCDImZtWxbvojFjerkiLb0/q8mew=="
  "resolved" "https://registry.npmjs.org/prettier/-/prettier-2.6.2.tgz"
  "version" "2.6.2"

"svg-tag-names@^3.0.1":
  "integrity" "sha512-R5EDS44RQSOwwKIOOUZLKZggMeFL8fDSSZr1hVK5Z0KkyuGVOZfyepBZDkPu/aoL+hSOysxxvAk8uN4yN2LOMQ=="
  "resolved" "https://registry.npmjs.org/svg-tag-names/-/svg-tag-names-3.0.1.tgz"
  "version" "3.0.1"

"typescript@^4.6.3", "typescript@>=2.9":
  "integrity" "sha512-yNIatDa5iaofVozS/uQJEl3JRWLKKGJKh6Yaiv0GLGSuhpFJe7P3SbHZ8/yjAHRQwKRoA6YZqlfjXWmVzoVSMw=="
  "resolved" "https://registry.npmjs.org/typescript/-/typescript-4.6.3.tgz"
  "version" "4.6.3"
